schema_version: "1.0"
project: AetherSwap
adoption_issue_ref: "github:EinzbernLi/AetherSwap#145"
adopted_from_code_ref: "integration/auto-buyer-offer@cc87881cc5ea10c7564494a8be89691249cee1fb"

central_governance:
  repository: EinzbernLi/agent-dev-governance
  version: "0.3.7"
  ref: f49065796e277cb6859ebb3c92324d9b072b316d
  follow_main: false
  note: "v0.3.7 keeps complete Task contracts in GitHub, allows role-stable Worker/Validator session reuse after durable re-anchor unless freshness/identity isolation is required, and permits bounded platform-native internal subagents under parent accountability without granting Lead authority or independent-validation credit."

modules:
  lprl:
    repository: EinzbernLi/agent-dev-governance
    version: "v0.2.4-pilot"
    ref: 5f22e63414374b64ebbf4bd91601ede2f54e6f65
    pin_separately: true
    note: "This pin adds deterministic lprl-cjson-v1 structured digests; it does not itself authorize local Facts mutation, Snapshot/Gate, retirement, migration, cleanup, reclamation, or REAL-WRITE."

task_result_fact_source:
  mode: github_issue_pr
  mirror_full_task_result_bodies_into_agent_files: false

adoption_rules:
  project_specific_policy_file: .agent/LOCAL_POLICY.yaml
  current_state_file: .agent/PROJECT_STATE.md
  bootstrap_file: .agent/BOOTSTRAP.md
  lead_claim_sink: "github:EinzbernLi/AetherSwap#149"
  legacy_project_governance_is_compatibility_evidence: true
  ordinary_runtime_capabilities_are_session_state: true
  governance_upgrade_requires_explicit_review: true
  one_active_project_lead: true
  task_scoped_workers_do_not_claim_project_lead: true
  lead_handoff_requires_explicit_owner_intent: true
